
Microsoft Visual Studio Solution File, Format Version 12.00
# Visual Studio 2012
Project("{FAE04EC0-301F-11D3-BF4B-00C04F79EFBC}") = "UnitTests", "UnitTests\UnitTests.csproj", "{36F7112D-9170-4855-B0CB-9B65B5F00958}"
EndProject
Project("{FAE04EC0-301F-11D3-BF4B-00C04F79EFBC}") = "Common", "Common\Common.csproj", "{7B51EA7E-62CB-48E8-85CB-7ABBE0FC7647}"
EndProject
Global
	GlobalSection(SolutionConfigurationPlatforms) = preSolution
		Debug|Any CPU = Debug|Any CPU
		Release|Any CPU = Release|Any CPU
	EndGlobalSection
	GlobalSection(ProjectConfigurationPlatforms) = postSolution
		{36F7112D-9170-4855-B0CB-9B65B5F00958}.Debug|Any CPU.ActiveCfg = Debug|Any CPU
		{36F7112D-9170-4855-B0CB-9B65B5F00958}.Debug|Any CPU.Build.0 = Debug|Any CPU
		{36F7112D-9170-4855-B0CB-9B65B5F00958}.Release|Any CPU.ActiveCfg = Release|Any CPU
		{36F7112D-9170-4855-B0CB-9B65B5F00958}.Release|Any CPU.Build.0 = Release|Any CPU
		{7B51EA7E-62CB-48E8-85CB-7ABBE0FC7647}.Debug|Any CPU.ActiveCfg = Debug|Any CPU
		{7B51EA7E-62CB-48E8-85CB-7ABBE0FC7647}.Debug|Any CPU.Build.0 = Debug|Any CPU
		{7B51EA7E-62CB-48E8-85CB-7ABBE0FC7647}.Release|Any CPU.ActiveCfg = Release|Any CPU
		{7B51EA7E-62CB-48E8-85CB-7ABBE0FC7647}.Release|Any CPU.Build.0 = Release|Any CPU
	EndGlobalSection
	GlobalSection(SolutionProperties) = preSolution
		HideSolutionNode = FALSE
	EndGlobalSection
EndGlobal
